{"1.1.0",
[{<<"eleveldb">>,
  {git,"git://github.com/basho/eleveldb.git",
       {ref,"5ca7491c947d24c764eb0a359370e83dcc0bb021"}},
  0},
 {<<"gen_fsm_compat">>,{pkg,<<"gen_fsm_compat">>,<<"0.3.0">>},0},
 {<<"goldrush">>,{pkg,<<"goldrush">>,<<"0.1.9">>},1},
 {<<"lager">>,
  {git,"git://github.com/erlang-lager/lager.git",
       {ref,"4ffdf0dbef53304bc0e958a00776bf0650de8c8b"}},
  0},
 {<<"lasp_support">>,
  {git,"git://github.com/lasp-lang/lasp_support.git",
       {ref,"6678fae6fc24de9e7e155bf292776d1a683ce161"}},
  0},
 {<<"riak_dt">>,
  {git,"git://github.com/basho/riak_dt.git",
       {ref,"f7981d4ad7407ddc085f133f204dd71bf9d50c56"}},
  0},
 {<<"time_compat">>,
  {git,"git://github.com/lasp-lang/time_compat.git",
       {ref,"87a241b3658999f89b7d1535dbd92e084e51f4e5"}},
  0}]}.
[
{pkg_hash,[
 {<<"gen_fsm_compat">>, <<"5903549F67D595F58A7101154CBE0FDD46955FBFBE40813F1E53C23A970FF5F4">>},
 {<<"goldrush">>, <<"F06E5D5F1277DA5C413E84D5A2924174182FB108DABB39D5EC548B27424CD106">>}]}
].
